
Microsoft Visual Studio Solution File, Format Version 12.00
# Visual Studio Version 17
VisualStudioVersion = 17.9.34616.47
MinimumVisualStudioVersion = 10.0.40219.1
Project("{FAE04EC0-301F-11D3-BF4B-00C04F79EFBC}") = "Lab10", "Lab10.csproj", "{717D0AD6-D0EF-4375-9438-72DA0D24A370}"
EndProject
Project("{FAE04EC0-301F-11D3-BF4B-00C04F79EFBC}") = "DataChartSources", "..\DataChartSources\DataChartSources.csproj", "{D400C886-A4A3-4196-8EBB-3060C477834E}"
EndProject
Global
	GlobalSection(SolutionConfigurationPlatforms) = preSolution
		Debug|Any CPU = Debug|Any CPU
		Release|Any CPU = Release|Any CPU
	EndGlobalSection
	GlobalSection(ProjectConfigurationPlatforms) = postSolution
		{717D0AD6-D0EF-4375-9438-72DA0D24A370}.Debug|Any CPU.ActiveCfg = Debug|Any CPU
		{717D0AD6-D0EF-4375-9438-72DA0D24A370}.Debug|Any CPU.Build.0 = Debug|Any CPU
		{717D0AD6-D0EF-4375-9438-72DA0D24A370}.Release|Any CPU.ActiveCfg = Release|Any CPU
		{717D0AD6-D0EF-4375-9438-72DA0D24A370}.Release|Any CPU.Build.0 = Release|Any CPU
		{D400C886-A4A3-4196-8EBB-3060C477834E}.Debug|Any CPU.ActiveCfg = Debug|Any CPU
		{D400C886-A4A3-4196-8EBB-3060C477834E}.Debug|Any CPU.Build.0 = Debug|Any CPU
		{D400C886-A4A3-4196-8EBB-3060C477834E}.Release|Any CPU.ActiveCfg = Release|Any CPU
		{D400C886-A4A3-4196-8EBB-3060C477834E}.Release|Any CPU.Build.0 = Release|Any CPU
	EndGlobalSection
	GlobalSection(SolutionProperties) = preSolution
		HideSolutionNode = FALSE
	EndGlobalSection
	GlobalSection(ExtensibilityGlobals) = postSolution
		SolutionGuid = {DAF3E0DA-A7E6-4E36-94C9-18F6F355B05C}
	EndGlobalSection
EndGlobal
